
Microsoft Visual Studio Solution File, Format Version 12.00
# Visual Studio Version 16
VisualStudioVersion = 16.0.31205.134
MinimumVisualStudioVersion = 10.0.40219.1
Project("{FAE04EC0-301F-11D3-BF4B-00C04F79EFBC}") = "basicForLoopExample", "basicForLoopExample\basicForLoopExample.csproj", "{F27BF278-D2CE-4D6A-A9FB-A2F498AB9A5E}"
EndProject
Project("{FAE04EC0-301F-11D3-BF4B-00C04F79EFBC}") = "basicWhileLoopExample", "basicWhileLoopExample\basicWhileLoopExample.csproj", "{11EF0193-5997-4D0B-9754-29143AD94A38}"
EndProject
Global
	GlobalSection(SolutionConfigurationPlatforms) = preSolution
		Debug|Any CPU = Debug|Any CPU
		Release|Any CPU = Release|Any CPU
	EndGlobalSection
	GlobalSection(ProjectConfigurationPlatforms) = postSolution
		{F27BF278-D2CE-4D6A-A9FB-A2F498AB9A5E}.Debug|Any CPU.ActiveCfg = Debug|Any CPU
		{F27BF278-D2CE-4D6A-A9FB-A2F498AB9A5E}.Debug|Any CPU.Build.0 = Debug|Any CPU
		{F27BF278-D2CE-4D6A-A9FB-A2F498AB9A5E}.Release|Any CPU.ActiveCfg = Release|Any CPU
		{F27BF278-D2CE-4D6A-A9FB-A2F498AB9A5E}.Release|Any CPU.Build.0 = Release|Any CPU
		{11EF0193-5997-4D0B-9754-29143AD94A38}.Debug|Any CPU.ActiveCfg = Debug|Any CPU
		{11EF0193-5997-4D0B-9754-29143AD94A38}.Debug|Any CPU.Build.0 = Debug|Any CPU
		{11EF0193-5997-4D0B-9754-29143AD94A38}.Release|Any CPU.ActiveCfg = Release|Any CPU
		{11EF0193-5997-4D0B-9754-29143AD94A38}.Release|Any CPU.Build.0 = Release|Any CPU
	EndGlobalSection
	GlobalSection(SolutionProperties) = preSolution
		HideSolutionNode = FALSE
	EndGlobalSection
	GlobalSection(ExtensibilityGlobals) = postSolution
		SolutionGuid = {C1E8887E-7FF8-47CC-AA75-31B8087DF952}
	EndGlobalSection
EndGlobal
