
Microsoft Visual Studio Solution File, Format Version 12.00
# Visual Studio Version 16
VisualStudioVersion = 16.0.31410.357
MinimumVisualStudioVersion = 10.0.40219.1
Project("{9A19103F-16F7-4668-BE54-9A1E7A4F7556}") = "Example-01", "Example-01\Example-01.csproj", "{FDE73782-047E-4D7F-876E-C4E712B203A9}"
EndProject
Project("{FAE04EC0-301F-11D3-BF4B-00C04F79EFBC}") = "Example-02", "Example-02\Example-02.csproj", "{7E578659-4A82-476B-823E-02A4FC93E717}"
EndProject
Project("{FAE04EC0-301F-11D3-BF4B-00C04F79EFBC}") = "Example-03", "Example-03\Example-03.csproj", "{A5197BAB-D670-43FA-957A-B891293CCC0D}"
EndProject
Global
	GlobalSection(SolutionConfigurationPlatforms) = preSolution
		Debug|Any CPU = Debug|Any CPU
		Release|Any CPU = Release|Any CPU
	EndGlobalSection
	GlobalSection(ProjectConfigurationPlatforms) = postSolution
		{FDE73782-047E-4D7F-876E-C4E712B203A9}.Debug|Any CPU.ActiveCfg = Debug|Any CPU
		{FDE73782-047E-4D7F-876E-C4E712B203A9}.Debug|Any CPU.Build.0 = Debug|Any CPU
		{FDE73782-047E-4D7F-876E-C4E712B203A9}.Release|Any CPU.ActiveCfg = Release|Any CPU
		{FDE73782-047E-4D7F-876E-C4E712B203A9}.Release|Any CPU.Build.0 = Release|Any CPU
		{7E578659-4A82-476B-823E-02A4FC93E717}.Debug|Any CPU.ActiveCfg = Debug|Any CPU
		{7E578659-4A82-476B-823E-02A4FC93E717}.Debug|Any CPU.Build.0 = Debug|Any CPU
		{7E578659-4A82-476B-823E-02A4FC93E717}.Release|Any CPU.ActiveCfg = Release|Any CPU
		{7E578659-4A82-476B-823E-02A4FC93E717}.Release|Any CPU.Build.0 = Release|Any CPU
		{A5197BAB-D670-43FA-957A-B891293CCC0D}.Debug|Any CPU.ActiveCfg = Debug|Any CPU
		{A5197BAB-D670-43FA-957A-B891293CCC0D}.Debug|Any CPU.Build.0 = Debug|Any CPU
		{A5197BAB-D670-43FA-957A-B891293CCC0D}.Release|Any CPU.ActiveCfg = Release|Any CPU
		{A5197BAB-D670-43FA-957A-B891293CCC0D}.Release|Any CPU.Build.0 = Release|Any CPU
	EndGlobalSection
	GlobalSection(SolutionProperties) = preSolution
		HideSolutionNode = FALSE
	EndGlobalSection
	GlobalSection(ExtensibilityGlobals) = postSolution
		SolutionGuid = {50EEB274-8695-470D-82E0-C0435E5766A0}
	EndGlobalSection
EndGlobal
