
Microsoft Visual Studio Solution File, Format Version 12.00
# Visual Studio Version 16
VisualStudioVersion = 16.0.31205.134
MinimumVisualStudioVersion = 10.0.40219.1
Project("{9A19103F-16F7-4668-BE54-9A1E7A4F7556}") = "stringMethods", "stringMethods\stringMethods.csproj", "{E112EFB7-073D-4222-898C-0EA39CF7E7D9}"
EndProject
Project("{9A19103F-16F7-4668-BE54-9A1E7A4F7556}") = "stringBuilder", "stringBuilder\stringBuilder.csproj", "{9B669435-962B-495C-A60A-CD8BE2D3AFAB}"
EndProject
Project("{9A19103F-16F7-4668-BE54-9A1E7A4F7556}") = "compareToMethod", "compareMethod\compareToMethod.csproj", "{B254C826-1886-454B-B713-1FA0FC4390E7}"
EndProject
Project("{FAE04EC0-301F-11D3-BF4B-00C04F79EFBC}") = "testConsole", "testConsole\testConsole.csproj", "{F5930669-EEBB-47FA-B519-6D55FA8D8F85}"
EndProject
Global
	GlobalSection(SolutionConfigurationPlatforms) = preSolution
		Debug|Any CPU = Debug|Any CPU
		Release|Any CPU = Release|Any CPU
	EndGlobalSection
	GlobalSection(ProjectConfigurationPlatforms) = postSolution
		{E112EFB7-073D-4222-898C-0EA39CF7E7D9}.Debug|Any CPU.ActiveCfg = Debug|Any CPU
		{E112EFB7-073D-4222-898C-0EA39CF7E7D9}.Debug|Any CPU.Build.0 = Debug|Any CPU
		{E112EFB7-073D-4222-898C-0EA39CF7E7D9}.Release|Any CPU.ActiveCfg = Release|Any CPU
		{E112EFB7-073D-4222-898C-0EA39CF7E7D9}.Release|Any CPU.Build.0 = Release|Any CPU
		{9B669435-962B-495C-A60A-CD8BE2D3AFAB}.Debug|Any CPU.ActiveCfg = Debug|Any CPU
		{9B669435-962B-495C-A60A-CD8BE2D3AFAB}.Debug|Any CPU.Build.0 = Debug|Any CPU
		{9B669435-962B-495C-A60A-CD8BE2D3AFAB}.Release|Any CPU.ActiveCfg = Release|Any CPU
		{9B669435-962B-495C-A60A-CD8BE2D3AFAB}.Release|Any CPU.Build.0 = Release|Any CPU
		{B254C826-1886-454B-B713-1FA0FC4390E7}.Debug|Any CPU.ActiveCfg = Debug|Any CPU
		{B254C826-1886-454B-B713-1FA0FC4390E7}.Debug|Any CPU.Build.0 = Debug|Any CPU
		{B254C826-1886-454B-B713-1FA0FC4390E7}.Release|Any CPU.ActiveCfg = Release|Any CPU
		{B254C826-1886-454B-B713-1FA0FC4390E7}.Release|Any CPU.Build.0 = Release|Any CPU
		{F5930669-EEBB-47FA-B519-6D55FA8D8F85}.Debug|Any CPU.ActiveCfg = Debug|Any CPU
		{F5930669-EEBB-47FA-B519-6D55FA8D8F85}.Debug|Any CPU.Build.0 = Debug|Any CPU
		{F5930669-EEBB-47FA-B519-6D55FA8D8F85}.Release|Any CPU.ActiveCfg = Release|Any CPU
		{F5930669-EEBB-47FA-B519-6D55FA8D8F85}.Release|Any CPU.Build.0 = Release|Any CPU
	EndGlobalSection
	GlobalSection(SolutionProperties) = preSolution
		HideSolutionNode = FALSE
	EndGlobalSection
	GlobalSection(ExtensibilityGlobals) = postSolution
		SolutionGuid = {D5DE2D54-CF08-4CE9-8979-AD7799385F37}
	EndGlobalSection
EndGlobal
