
Microsoft Visual Studio Solution File, Format Version 12.00
# Visual Studio Version 16
VisualStudioVersion = 16.0.31229.75
MinimumVisualStudioVersion = 10.0.40219.1
Project("{9A19103F-16F7-4668-BE54-9A1E7A4F7556}") = "Generics", "Generics\Generics.csproj", "{89E0F989-245B-4982-BAD0-CB2CFBC88D4A}"
EndProject
Project("{FAE04EC0-301F-11D3-BF4B-00C04F79EFBC}") = "Example_01", "Example_01\Example_01.csproj", "{5B07F174-E994-4702-ACAF-A85C38299740}"
EndProject
Project("{FAE04EC0-301F-11D3-BF4B-00C04F79EFBC}") = "Non-Generic", "Non-Generic\Non-Generic.csproj", "{55939FBD-8007-4005-9886-FD9988FE19D1}"
EndProject
Project("{FAE04EC0-301F-11D3-BF4B-00C04F79EFBC}") = "Example_02", "Example_02\Example_02.csproj", "{4EB451C2-8283-4B2C-AF45-22692AC4DE8C}"
EndProject
Project("{FAE04EC0-301F-11D3-BF4B-00C04F79EFBC}") = "Example_03", "Example_03\Example_03.csproj", "{6094E6EB-CAAC-4990-A2CD-8DCF6F503FA8}"
EndProject
Global
	GlobalSection(SolutionConfigurationPlatforms) = preSolution
		Debug|Any CPU = Debug|Any CPU
		Release|Any CPU = Release|Any CPU
	EndGlobalSection
	GlobalSection(ProjectConfigurationPlatforms) = postSolution
		{89E0F989-245B-4982-BAD0-CB2CFBC88D4A}.Debug|Any CPU.ActiveCfg = Debug|Any CPU
		{89E0F989-245B-4982-BAD0-CB2CFBC88D4A}.Debug|Any CPU.Build.0 = Debug|Any CPU
		{89E0F989-245B-4982-BAD0-CB2CFBC88D4A}.Release|Any CPU.ActiveCfg = Release|Any CPU
		{89E0F989-245B-4982-BAD0-CB2CFBC88D4A}.Release|Any CPU.Build.0 = Release|Any CPU
		{5B07F174-E994-4702-ACAF-A85C38299740}.Debug|Any CPU.ActiveCfg = Debug|Any CPU
		{5B07F174-E994-4702-ACAF-A85C38299740}.Debug|Any CPU.Build.0 = Debug|Any CPU
		{5B07F174-E994-4702-ACAF-A85C38299740}.Release|Any CPU.ActiveCfg = Release|Any CPU
		{5B07F174-E994-4702-ACAF-A85C38299740}.Release|Any CPU.Build.0 = Release|Any CPU
		{55939FBD-8007-4005-9886-FD9988FE19D1}.Debug|Any CPU.ActiveCfg = Debug|Any CPU
		{55939FBD-8007-4005-9886-FD9988FE19D1}.Debug|Any CPU.Build.0 = Debug|Any CPU
		{55939FBD-8007-4005-9886-FD9988FE19D1}.Release|Any CPU.ActiveCfg = Release|Any CPU
		{55939FBD-8007-4005-9886-FD9988FE19D1}.Release|Any CPU.Build.0 = Release|Any CPU
		{4EB451C2-8283-4B2C-AF45-22692AC4DE8C}.Debug|Any CPU.ActiveCfg = Debug|Any CPU
		{4EB451C2-8283-4B2C-AF45-22692AC4DE8C}.Debug|Any CPU.Build.0 = Debug|Any CPU
		{4EB451C2-8283-4B2C-AF45-22692AC4DE8C}.Release|Any CPU.ActiveCfg = Release|Any CPU
		{4EB451C2-8283-4B2C-AF45-22692AC4DE8C}.Release|Any CPU.Build.0 = Release|Any CPU
		{6094E6EB-CAAC-4990-A2CD-8DCF6F503FA8}.Debug|Any CPU.ActiveCfg = Debug|Any CPU
		{6094E6EB-CAAC-4990-A2CD-8DCF6F503FA8}.Debug|Any CPU.Build.0 = Debug|Any CPU
		{6094E6EB-CAAC-4990-A2CD-8DCF6F503FA8}.Release|Any CPU.ActiveCfg = Release|Any CPU
		{6094E6EB-CAAC-4990-A2CD-8DCF6F503FA8}.Release|Any CPU.Build.0 = Release|Any CPU
	EndGlobalSection
	GlobalSection(SolutionProperties) = preSolution
		HideSolutionNode = FALSE
	EndGlobalSection
	GlobalSection(ExtensibilityGlobals) = postSolution
		SolutionGuid = {48358DC2-EDF5-4811-A8CD-669FD0621759}
	EndGlobalSection
EndGlobal
