
Microsoft Visual Studio Solution File, Format Version 12.00
# Visual Studio Version 16
VisualStudioVersion = 16.0.31129.286
MinimumVisualStudioVersion = 10.0.40219.1
Project("{FAE04EC0-301F-11D3-BF4B-00C04F79EFBC}") = "VerySimpleCalculator", "VerySimpleCalculator\VerySimpleCalculator.csproj", "{C369EA80-3712-4372-A543-66BC67992328}"
EndProject
Global
	GlobalSection(SolutionConfigurationPlatforms) = preSolution
		Debug|Any CPU = Debug|Any CPU
		Release|Any CPU = Release|Any CPU
	EndGlobalSection
	GlobalSection(ProjectConfigurationPlatforms) = postSolution
		{C369EA80-3712-4372-A543-66BC67992328}.Debug|Any CPU.ActiveCfg = Debug|Any CPU
		{C369EA80-3712-4372-A543-66BC67992328}.Debug|Any CPU.Build.0 = Debug|Any CPU
		{C369EA80-3712-4372-A543-66BC67992328}.Release|Any CPU.ActiveCfg = Release|Any CPU
		{C369EA80-3712-4372-A543-66BC67992328}.Release|Any CPU.Build.0 = Release|Any CPU
	EndGlobalSection
	GlobalSection(SolutionProperties) = preSolution
		HideSolutionNode = FALSE
	EndGlobalSection
	GlobalSection(ExtensibilityGlobals) = postSolution
		SolutionGuid = {A1C17461-A3FC-482D-BA0B-B095306EBAE1}
	EndGlobalSection
EndGlobal
