
Microsoft Visual Studio Solution File, Format Version 12.00
# Visual Studio Version 16
VisualStudioVersion = 16.0.31205.134
MinimumVisualStudioVersion = 10.0.40219.1
Project("{FAE04EC0-301F-11D3-BF4B-00C04F79EFBC}") = "multidimensionalArray", "multidimensionalArray\multidimensionalArray.csproj", "{5F15A2B1-65ED-4A5C-A1D0-D1242D7F00AD}"
EndProject
Global
	GlobalSection(SolutionConfigurationPlatforms) = preSolution
		Debug|Any CPU = Debug|Any CPU
		Release|Any CPU = Release|Any CPU
	EndGlobalSection
	GlobalSection(ProjectConfigurationPlatforms) = postSolution
		{5F15A2B1-65ED-4A5C-A1D0-D1242D7F00AD}.Debug|Any CPU.ActiveCfg = Debug|Any CPU
		{5F15A2B1-65ED-4A5C-A1D0-D1242D7F00AD}.Debug|Any CPU.Build.0 = Debug|Any CPU
		{5F15A2B1-65ED-4A5C-A1D0-D1242D7F00AD}.Release|Any CPU.ActiveCfg = Release|Any CPU
		{5F15A2B1-65ED-4A5C-A1D0-D1242D7F00AD}.Release|Any CPU.Build.0 = Release|Any CPU
	EndGlobalSection
	GlobalSection(SolutionProperties) = preSolution
		HideSolutionNode = FALSE
	EndGlobalSection
	GlobalSection(ExtensibilityGlobals) = postSolution
		SolutionGuid = {78F8F815-B6A8-4E5B-B38E-61CAC3F6063B}
	EndGlobalSection
EndGlobal
