
Microsoft Visual Studio Solution File, Format Version 12.00
# Visual Studio Version 16
VisualStudioVersion = 16.0.31205.134
MinimumVisualStudioVersion = 10.0.40219.1
Project("{FAE04EC0-301F-11D3-BF4B-00C04F79EFBC}") = "abstractClassExample", "abstractClassExample\abstractClassExample.csproj", "{D075E051-42EF-4D61-B0EC-DB73AE189BC4}"
EndProject
Project("{FAE04EC0-301F-11D3-BF4B-00C04F79EFBC}") = "abstractClassExample2", "abstractClassExample2\abstractClassExample2.csproj", "{1B4477FD-61C5-46AE-B739-FFA4E75D11AB}"
EndProject
Global
	GlobalSection(SolutionConfigurationPlatforms) = preSolution
		Debug|Any CPU = Debug|Any CPU
		Release|Any CPU = Release|Any CPU
	EndGlobalSection
	GlobalSection(ProjectConfigurationPlatforms) = postSolution
		{D075E051-42EF-4D61-B0EC-DB73AE189BC4}.Debug|Any CPU.ActiveCfg = Debug|Any CPU
		{D075E051-42EF-4D61-B0EC-DB73AE189BC4}.Debug|Any CPU.Build.0 = Debug|Any CPU
		{D075E051-42EF-4D61-B0EC-DB73AE189BC4}.Release|Any CPU.ActiveCfg = Release|Any CPU
		{D075E051-42EF-4D61-B0EC-DB73AE189BC4}.Release|Any CPU.Build.0 = Release|Any CPU
		{1B4477FD-61C5-46AE-B739-FFA4E75D11AB}.Debug|Any CPU.ActiveCfg = Debug|Any CPU
		{1B4477FD-61C5-46AE-B739-FFA4E75D11AB}.Debug|Any CPU.Build.0 = Debug|Any CPU
		{1B4477FD-61C5-46AE-B739-FFA4E75D11AB}.Release|Any CPU.ActiveCfg = Release|Any CPU
		{1B4477FD-61C5-46AE-B739-FFA4E75D11AB}.Release|Any CPU.Build.0 = Release|Any CPU
	EndGlobalSection
	GlobalSection(SolutionProperties) = preSolution
		HideSolutionNode = FALSE
	EndGlobalSection
	GlobalSection(ExtensibilityGlobals) = postSolution
		SolutionGuid = {78FF0863-A9C4-46EB-9500-BEFCE0B363F7}
	EndGlobalSection
EndGlobal
