
Microsoft Visual Studio Solution File, Format Version 12.00
# Visual Studio Version 16
VisualStudioVersion = 16.0.31205.134
MinimumVisualStudioVersion = 10.0.40219.1
Project("{9A19103F-16F7-4668-BE54-9A1E7A4F7556}") = "Example_01", "Example_01\Example_01.csproj", "{75743A59-8930-48F4-A6BA-607B16518CB7}"
EndProject
Project("{FAE04EC0-301F-11D3-BF4B-00C04F79EFBC}") = "Example_02", "Example_02\Example_02.csproj", "{10F649E5-8E4B-4972-A75E-B8C6C8583609}"
EndProject
Global
	GlobalSection(SolutionConfigurationPlatforms) = preSolution
		Debug|Any CPU = Debug|Any CPU
		Release|Any CPU = Release|Any CPU
	EndGlobalSection
	GlobalSection(ProjectConfigurationPlatforms) = postSolution
		{75743A59-8930-48F4-A6BA-607B16518CB7}.Debug|Any CPU.ActiveCfg = Debug|Any CPU
		{75743A59-8930-48F4-A6BA-607B16518CB7}.Debug|Any CPU.Build.0 = Debug|Any CPU
		{75743A59-8930-48F4-A6BA-607B16518CB7}.Release|Any CPU.ActiveCfg = Release|Any CPU
		{75743A59-8930-48F4-A6BA-607B16518CB7}.Release|Any CPU.Build.0 = Release|Any CPU
		{10F649E5-8E4B-4972-A75E-B8C6C8583609}.Debug|Any CPU.ActiveCfg = Debug|Any CPU
		{10F649E5-8E4B-4972-A75E-B8C6C8583609}.Debug|Any CPU.Build.0 = Debug|Any CPU
		{10F649E5-8E4B-4972-A75E-B8C6C8583609}.Release|Any CPU.ActiveCfg = Release|Any CPU
		{10F649E5-8E4B-4972-A75E-B8C6C8583609}.Release|Any CPU.Build.0 = Release|Any CPU
	EndGlobalSection
	GlobalSection(SolutionProperties) = preSolution
		HideSolutionNode = FALSE
	EndGlobalSection
	GlobalSection(ExtensibilityGlobals) = postSolution
		SolutionGuid = {62869B1C-A639-4FD6-8BC3-8EA0F5A48EBD}
	EndGlobalSection
EndGlobal
